
Microsoft Visual Studio Solution File, Format Version 12.00
# Visual Studio 14
VisualStudioVersion = 14.0.24720.0
MinimumVisualStudioVersion = 10.0.40219.1
Project("{FAE04EC0-301F-11D3-BF4B-00C04F79EFBC}") = "PlutoRover.Domain", "PlutoRover.Domain\PlutoRover.Domain.csproj", "{3923A559-02BB-4657-93AC-D3DF41AA2EE0}"
EndProject
Project("{2150E333-8FDC-42A3-9474-1A3956D46DE8}") = "src", "src", "{2B5A1479-2F80-4381-8E54-7F99C4A7F219}"
EndProject
Project("{2150E333-8FDC-42A3-9474-1A3956D46DE8}") = "tests", "tests", "{FB0D1F5E-9E7C-4823-BE31-35F85A326F8B}"
EndProject
Project("{FAE04EC0-301F-11D3-BF4B-00C04F79EFBC}") = "PlutoRover.Domain.Tests.Unit", "PlutoRover.Domain.Tests.Unit\PlutoRover.Domain.Tests.Unit.csproj", "{9443F57A-359C-4B1A-A83B-8614C650EF11}"
EndProject
Global
	GlobalSection(SolutionConfigurationPlatforms) = preSolution
		Debug|Any CPU = Debug|Any CPU
		Release|Any CPU = Release|Any CPU
	EndGlobalSection
	GlobalSection(ProjectConfigurationPlatforms) = postSolution
		{3923A559-02BB-4657-93AC-D3DF41AA2EE0}.Debug|Any CPU.ActiveCfg = Debug|Any CPU
		{3923A559-02BB-4657-93AC-D3DF41AA2EE0}.Debug|Any CPU.Build.0 = Debug|Any CPU
		{3923A559-02BB-4657-93AC-D3DF41AA2EE0}.Release|Any CPU.ActiveCfg = Release|Any CPU
		{3923A559-02BB-4657-93AC-D3DF41AA2EE0}.Release|Any CPU.Build.0 = Release|Any CPU
		{9443F57A-359C-4B1A-A83B-8614C650EF11}.Debug|Any CPU.ActiveCfg = Debug|Any CPU
		{9443F57A-359C-4B1A-A83B-8614C650EF11}.Debug|Any CPU.Build.0 = Debug|Any CPU
		{9443F57A-359C-4B1A-A83B-8614C650EF11}.Release|Any CPU.ActiveCfg = Release|Any CPU
		{9443F57A-359C-4B1A-A83B-8614C650EF11}.Release|Any CPU.Build.0 = Release|Any CPU
	EndGlobalSection
	GlobalSection(SolutionProperties) = preSolution
		HideSolutionNode = FALSE
	EndGlobalSection
	GlobalSection(NestedProjects) = preSolution
		{3923A559-02BB-4657-93AC-D3DF41AA2EE0} = {2B5A1479-2F80-4381-8E54-7F99C4A7F219}
		{9443F57A-359C-4B1A-A83B-8614C650EF11} = {FB0D1F5E-9E7C-4823-BE31-35F85A326F8B}
	EndGlobalSection
EndGlobal
